// !$*UTF8*$!
{
	archiveVersion = 1;
	classes = {
	};
	objectVersion = 48;
	objects = {

/* Begin PBXBuildFile section */
		5AEA08F21F8811CB002C3A8C /* AppDelegate.m in Sources */ = {isa = PBXBuildFile; fileRef = 5AEA08F11F8811CB002C3A8C /* AppDelegate.m */; };
		5AEA08F51F8811CB002C3A8C /* ViewController.m in Sources */ = {isa = PBXBuildFile; fileRef = 5AEA08F41F8811CB002C3A8C /* ViewController.m */; };
		5AEA08F81F8811CB002C3A8C /* Main.storyboard in Resources */ = {isa = PBXBuildFile; fileRef = 5AEA08F61F8811CB002C3A8C /* Main.storyboard */; };
		5AEA08FB1F8811CB002C3A8C /* test.xcdatamodeld in Sources */ = {isa = PBXBuildFile; fileRef = 5AEA08F91F8811CB002C3A8C /* test.xcdatamodeld */; };
		5AEA08FD1F8811CB002C3A8C /* Assets.xcassets in Resources */ = {isa = PBXBuildFile; fileRef = 5AEA08FC1F8811CB002C3A8C /* Assets.xcassets */; };
		5AEA09001F8811CB002C3A8C /* LaunchScreen.storyboard in Resources */ = {isa = PBXBuildFile; fileRef = 5AEA08FE1F8811CB002C3A8C /* LaunchScreen.storyboard */; };
		5AEA09031F8811CB002C3A8C /* main.m in Sources */ = {isa = PBXBuildFile; fileRef = 5AEA09021F8811CB002C3A8C /* main.m */; };
/* End PBXBuildFile section */

/* Begin PBXFileReference section */
		5AEA08ED1F8811CB002C3A8C /* test.app */ = {isa = PBXFileReference; explicitFileType = wrapper.application; includeInIndex = 0; path = test.app; sourceTree = BUILT_PRODUCTS_DIR; };
		5AEA08F01F8811CB002C3A8C /* AppDelegate.h */ = {isa = PBXFileReference; lastKnownFileType = sourcecode.c.h; path = AppDelegate.h; sourceTree = "<group>"; };
		5AEA08F11F8811CB002C3A8C /* AppDelegate.m */ = {isa = PBXFileReference; lastKnownFileType = sourcecode.c.objc; path = AppDelegate.m; sourceTree = "<group>"; };
		5AEA08F31F8811CB002C3A8C /* ViewController.h */ = {isa = PBXFileReference; lastKnownFileType = sourcecode.c.h; path = ViewController.h; sourceTree = "<group>"; };
		5AEA08F41F8811CB002C3A8C /* ViewController.m */ = {isa = PBXFileReference; lastKnownFileType = sourcecode.c.objc; path = ViewController.m; sourceTree = "<group>"; };
		5AEA08F71F8811CB002C3A8C /* Base */ = {isa = PBXFileReference; lastKnownFileType = file.storyboard; name = Base; path = Base.lproj/Main.storyboard; sourceTree = "<group>"; };
		5AEA08FA1F8811CB002C3A8C /* test.xcdatamodel */ = {isa = PBXFileReference; lastKnownFileType = wrapper.xcdatamodel; path = test.xcdatamodel; sourceTree = "<group>"; };
		5AEA08FC1F8811CB002C3A8C /* Assets.xcassets */ = {isa = PBXFileReference; lastKnownFileType = folder.assetcatalog; path = Assets.xcassets; sourceTree = "<group>"; };
		5AEA08FF1F8811CB002C3A8C /* Base */ = {isa = PBXFileReference; lastKnownFileType = file.storyboard; name = Base; path = Base.lproj/LaunchScreen.storyboard; sourceTree = "<group>"; };
		5AEA09011F8811CB002C3A8C /* Info.plist */ = {isa = PBXFileReference; lastKnownFileType = text.plist.xml; path = Info.plist; sourceTree = "<group>"; };
		5AEA09021F8811CB002C3A8C /* main.m */ = {isa = PBXFileReference; lastKnownFileType = sourcecode.c.objc; path = main.m; sourceTree = "<group>"; };
/* End PBXFileReference section */

/* Begin PBXFrameworksBuildPhase section */
		5AEA08EA1F8811CB002C3A8C /* Frameworks */ = {
			isa = PBXFrameworksBuildPhase;
			buildActionMask = 2147483647;
			files = (
			);
			runOnlyForDeploymentPostprocessing = 0;
		};
/* End PBXFrameworksBuildPhase section */

/* Begin PBXGroup section */
		5AEA08E41F8811CB002C3A8C = {
			isa = PBXGroup;
			children = (
				5AEA08EF1F8811CB002C3A8C /* test */,
				5AEA08EE1F8811CB002C3A8C /* Products */,
			);
			sourceTree = "<group>";
		};
		5AEA08EE1F8811CB002C3A8C /* Products */ = {
			isa = PBXGroup;
			children = (
				5AEA08ED1F8811CB002C3A8C /* test.app */,
			);
			name = Products;
			sourceTree = "<group>";
		};
		5AEA08EF1F8811CB002C3A8C /* test */ = {
			isa = PBXGroup;
			children = (
				5AEA08F01F8811CB002C3A8C /* AppDelegate.h */,
				5AEA08F11F8811CB002C3A8C /* AppDelegate.m */,
				5AEA08F31F8811CB002C3A8C /* ViewController.h */,
				5AEA08F41F8811CB002C3A8C /* ViewController.m */,
				5AEA08F61F8811CB002C3A8C /* Main.storyboard */,
				5AEA08FC1F8811CB002C3A8C /* Assets.xcassets */,
				5AEA08FE1F8811CB002C3A8C /* LaunchScreen.storyboard */,
				5AEA09011F8811CB002C3A8C /* Info.plist */,
				5AEA09021F8811CB002C3A8C /* main.m */,
				5AEA08F91F8811CB002C3A8C /* test.xcdatamodeld */,
			);
			path = test;
			sourceTree = "<group>";
		};
/* End PBXGroup section */

/* Begin PBXNativeTarget section */
		5AEA08EC1F8811CB002C3A8C /* test */ = {
			isa = PBXNativeTarget;
			buildConfigurationList = 5AEA09061F8811CB002C3A8C /* Build configuration list for PBXNativeTarget "test" */;
			buildPhases = (
				5AEA08E91F8811CB002C3A8C /* Sources */,
				5AEA08EA1F8811CB002C3A8C /* Frameworks */,
				5AEA08EB1F8811CB002C3A8C /* Resources */,
			);
			buildRules = (
			);
			dependencies = (
			);
			name = test;
			productName = test;
			productReference = 5AEA08ED1F8811CB002C3A8C /* test.app */;
			productType = "com.apple.product-type.application";
		};
/* End PBXNativeTarget section */

/* Begin PBXProject section */
		5AEA08E51F8811CB002C3A8C /* Project object */ = {
			isa = PBXProject;
			attributes = {
				LastUpgradeCheck = 0900;
				ORGANIZATIONNAME = "Влад Купряков";
				TargetAttributes = {
					5AEA08EC1F8811CB002C3A8C = {
						CreatedOnToolsVersion = 9.0;
						ProvisioningStyle = Automatic;
					};
				};
			};
			buildConfigurationList = 5AEA08E81F8811CB002C3A8C /* Build configuration list for PBXProject "test" */;
			compatibilityVersion = "Xcode 8.0";
			developmentRegion = en;
			hasScannedForEncodings = 0;
			knownRegions = (
				en,
				Base,
			);
			mainGroup = 5AEA08E41F8811CB002C3A8C;
			productRefGroup = 5AEA08EE1F8811CB002C3A8C /* Products */;
			projectDirPath = "";
			projectRoot = "";
			targets = (
				5AEA08EC1F8811CB002C3A8C /* test */,
			);
		};
/* End PBXProject section */

/* Begin PBXResourcesBuildPhase section */
		5AEA08EB1F8811CB002C3A8C /* Resources */ = {
			isa = PBXResourcesBuildPhase;
			buildActionMask = 2147483647;
			files = (
				5AEA09001F8811CB002C3A8C /* LaunchScreen.storyboard in Resources */,
				5AEA08FD1F8811CB002C3A8C /* Assets.xcassets in Resources */,
				5AEA08F81F8811CB002C3A8C /* Main.storyboard in Resources */,
			);
			runOnlyForDeploymentPostprocessing = 0;
		};
/* End PBXResourcesBuildPhase section */

/* Begin PBXSourcesBuildPhase section */
		5AEA08E91F8811CB002C3A8C /* Sources */ = {
			isa = PBXSourcesBuildPhase;
			buildActionMask = 2147483647;
			files = (
				5AEA08F51F8811CB002C3A8C /* ViewController.m in Sources */,
				5AEA08F21F8811CB002C3A8C /* AppDelegate.m in Sources */,
				5AEA09031F8811CB002C3A8C /* main.m in Sources */,
				5AEA08FB1F8811CB002C3A8C /* test.xcdatamodeld in Sources */,
			);
			runOnlyForDeploymentPostprocessing = 0;
		};
/* End PBXSourcesBuildPhase section */

/* Begin PBXVariantGroup section */
		5AEA08F61F8811CB002C3A8C /* Main.storyboard */ = {
			isa = PBXVariantGroup;
			children = (
				5AEA08F71F8811CB002C3A8C /* Base */,
			);
			name = Main.storyboard;
			sourceTree = "<group>";
		};
		5AEA08FE1F8811CB002C3A8C /* LaunchScreen.storyboard */ = {
			isa = PBXVariantGroup;
			children = (
				5AEA08FF1F8811CB002C3A8C /* Base */,
			);
			name = LaunchScreen.storyboard;
			sourceTree = "<group>";
		};
/* End PBXVariantGroup section */

/* Begin XCBuildConfiguration section */
		5AEA09041F8811CB002C3A8C /* Debug */ = {
			isa = XCBuildConfiguration;
			buildSettings = {
				ALWAYS_SEARCH_USER_PATHS = NO;
				CLANG_ANALYZER_NONNULL = YES;
				CLANG_ANALYZER_NUMBER_OBJECT_CONVERSION = YES_AGGRESSIVE;
				CLANG_CXX_LANGUAGE_STANDARD = "gnu++14";
				CLANG_CXX_LIBRARY = "libc++";
				CLANG_ENABLE_MODULES = YES;
				CLANG_ENABLE_OBJC_ARC = YES;
				CLANG_WARN_BLOCK_CAPTURE_AUTORELEASING = YES;
				CLANG_WARN_BOOL_CONVERSION = YES;
				CLANG_WARN_COMMA = YES;
				CLANG_WARN_CONSTANT_CONVERSION = YES;
				CLANG_WARN_DIRECT_OBJC_ISA_USAGE = YES_ERROR;
				CLANG_WARN_DOCUMENTATION_COMMENTS = YES;
				CLANG_WARN_EMPTY_BODY = YES;
				CLANG_WARN_ENUM_CONVERSION = YES;
				CLANG_WARN_INFINITE_RECURSION = YES;
				CLANG_WARN_INT_CONVERSION = YES;
				CLANG_WARN_NON_LITERAL_NULL_CONVERSION = YES;
				CLANG_WARN_OBJC_LITERAL_CONVERSION = YES;
				CLANG_WARN_OBJC_ROOT_CLASS = YES_ERROR;
				CLANG_WARN_RANGE_LOOP_ANALYSIS = YES;
				CLANG_WARN_STRICT_PROTOTYPES = YES;
				CLANG_WARN_SUSPICIOUS_MOVE = YES;
				CLANG_WARN_UNGUARDED_AVAILABILITY = YES_AGGRESSIVE;
				CLANG_WARN_UNREACHABLE_CODE = YES;
				CLANG_WARN__DUPLICATE_METHOD_MATCH = YES;
				CODE_SIGN_IDENTITY = "iPhone Developer";
				COPY_PHASE_STRIP = NO;
				DEBUG_INFORMATION_FORMAT = dwarf;
				ENABLE_STRICT_OBJC_MSGSEND = YES;
				ENABLE_TESTABILITY = YES;
				GCC_C_LANGUAGE_STANDARD = gnu11;
				GCC_DYNAMIC_NO_PIC = NO;
				GCC_NO_COMMON_BLOCKS = YES;
				GCC_OPTIMIZATION_LEVEL = 0;
				GCC_PREPROCESSOR_DEFINITIONS = (
					"DEBUG=1",
					"$(inherited)",
				);
				GCC_WARN_64_TO_32_BIT_CONVERSION = YES;
				GCC_WARN_ABOUT_RETURN_TYPE = YES_ERROR;
				GCC_WARN_UNDECLARED_SELECTOR = YES;
				GCC_WARN_UNINITIALIZED_AUTOS = YES_AGGRESSIVE;
				GCC_WARN_UNUSED_FUNCTION = YES;
				GCC_WARN_UNUSED_VARIABLE = YES;
				IPHONEOS_DEPLOYMENT_TARGET = 11.0;
				MTL_ENABLE_DEBUG_INFO = YES;
				ONLY_ACTIVE_ARCH = YES;
				SDKROOT = iphoneos;
			};
			name = Debug;
		};
		5AEA09051F8811CB002C3A8C /* Release */ = {
			isa = XCBuildConfiguration;
			buildSettings = {
				ALWAYS_SEARCH_USER_PATHS = NO;
				CLANG_ANALYZER_NONNULL = YES;
				CLANG_ANALYZER_NUMBER_OBJECT_CONVERSION = YES_AGGRESSIVE;
				CLANG_CXX_LANGUAGE_STANDARD = "gnu++14";
				CLANG_CXX_LIBRARY = "libc++";
				CLANG_ENABLE_MODULES = YES;
				CLANG_ENABLE_OBJC_ARC = YES;
				CLANG_WARN_BLOCK_CAPTURE_AUTORELEASING = YES;
				CLANG_WARN_BOOL_CONVERSION = YES;
				CLANG_WARN_COMMA = YES;
				CLANG_WARN_CONSTANT_CONVERSION = YES;
				CLANG_WARN_DIRECT_OBJC_ISA_USAGE = YES_ERROR;
				CLANG_WARN_DOCUMENTATION_COMMENTS = YES;
				CLANG_WARN_EMPTY_BODY = YES;
				CLANG_WARN_ENUM_CONVERSION = YES;
				CLANG_WARN_INFINITE_RECURSION = YES;
				CLANG_WARN_INT_CONVERSION = YES;
				CLANG_WARN_NON_LITERAL_NULL_CONVERSION = YES;
				CLANG_WARN_OBJC_LITERAL_CONVERSION = YES;
				CLANG_WARN_OBJC_ROOT_CLASS = YES_ERROR;
				CLANG_WARN_RANGE_LOOP_ANALYSIS = YES;
				CLANG_WARN_STRICT_PROTOTYPES = YES;
				CLANG_WARN_SUSPICIOUS_MOVE = YES;
				CLANG_WARN_UNGUARDED_AVAILABILITY = YES_AGGRESSIVE;
				CLANG_WARN_UNREACHABLE_CODE = YES;
				CLANG_WARN__DUPLICATE_METHOD_MATCH = YES;
				CODE_SIGN_IDENTITY = "iPhone Developer";
				COPY_PHASE_STRIP = NO;
				DEBUG_INFORMATION_FORMAT = "dwarf-with-dsym";
				ENABLE_NS_ASSERTIONS = NO;
				ENABLE_STRICT_OBJC_MSGSEND = YES;
				GCC_C_LANGUAGE_STANDARD = gnu11;
				GCC_NO_COMMON_BLOCKS = YES;
				GCC_WARN_64_TO_32_BIT_CONVERSION = YES;
				GCC_WARN_ABOUT_RETURN_TYPE = YES_ERROR;
				GCC_WARN_UNDECLARED_SELECTOR = YES;
				GCC_WARN_UNINITIALIZED_AUTOS = YES_AGGRESSIVE;
				GCC_WARN_UNUSED_FUNCTION = YES;
				GCC_WARN_UNUSED_VARIABLE = YES;
				IPHONEOS_DEPLOYMENT_TARGET = 11.0;
				MTL_ENABLE_DEBUG_INFO = NO;
				SDKROOT = iphoneos;
				VALIDATE_PRODUCT = YES;
			};
			name = Release;
		};
		5AEA09071F8811CB002C3A8C /* Debug */ = {
			isa = XCBuildConfiguration;
			buildSettings = {
				ASSETCATALOG_COMPILER_APPICON_NAME = AppIcon;
				CODE_SIGN_STYLE = Automatic;
				DEVELOPMENT_TEAM = Z6YU7BJ52A;
				INFOPLIST_FILE = test/Info.plist;
				LD_RUNPATH_SEARCH_PATHS = "$(inherited) @executable_path/Frameworks";
				PRODUCT_BUNDLE_IDENTIFIER = kup.test;
				PRODUCT_NAME = "$(TARGET_NAME)";
				TARGETED_DEVICE_FAMILY = "1,2";
			};
			name = Debug;
		};
		5AEA09081F8811CB002C3A8C /* Release */ = {
			isa = XCBuildConfiguration;
			buildSettings = {
				ASSETCATALOG_COMPILER_APPICON_NAME = AppIcon;
				CODE_SIGN_STYLE = Automatic;
				DEVELOPMENT_TEAM = Z6YU7BJ52A;
				INFOPLIST_FILE = test/Info.plist;
				LD_RUNPATH_SEARCH_PATHS = "$(inherited) @executable_path/Frameworks";
				PRODUCT_BUNDLE_IDENTIFIER = kup.test;
				PRODUCT_NAME = "$(TARGET_NAME)";
				TARGETED_DEVICE_FAMILY = "1,2";
			};
			name = Release;
		};
/* End XCBuildConfiguration section */

/* Begin XCConfigurationList section */
		5AEA08E81F8811CB002C3A8C /* Build configuration list for PBXProject "test" */ = {
			isa = XCConfigurationList;
			buildConfigurations = (
				5AEA09041F8811CB002C3A8C /* Debug */,
				5AEA09051F8811CB002C3A8C /* Release */,
			);
			defaultConfigurationIsVisible = 0;
			defaultConfigurationName = Release;
		};
		5AEA09061F8811CB002C3A8C /* Build configuration list for PBXNativeTarget "test" */ = {
			isa = XCConfigurationList;
			buildConfigurations = (
				5AEA09071F8811CB002C3A8C /* Debug */,
				5AEA09081F8811CB002C3A8C /* Release */,
			);
			defaultConfigurationIsVisible = 0;
			defaultConfigurationName = Release;
		};
/* End XCConfigurationList section */

/* Begin XCVersionGroup section */
		5AEA08F91F8811CB002C3A8C /* test.xcdatamodeld */ = {
			isa = XCVersionGroup;
			children = (
				5AEA08FA1F8811CB002C3A8C /* test.xcdatamodel */,
			);
			currentVersion = 5AEA08FA1F8811CB002C3A8C /* test.xcdatamodel */;
			path = test.xcdatamodeld;
			sourceTree = "<group>";
			versionGroupType = wrapper.xcdatamodel;
		};
/* End XCVersionGroup section */
	};
	rootObject = 5AEA08E51F8811CB002C3A8C /* Project object */;
}
